
Microsoft Visual Studio Solution File, Format Version 12.00
# Visual Studio 2013
VisualStudioVersion = 12.0.30501.0
MinimumVisualStudioVersion = 10.0.40219.1
Project("{FAE04EC0-301F-11D3-BF4B-00C04F79EFBC}") = "AdminModule", "AdminModule\AdminModule.csproj", "{D2B94B26-4CFD-4323-8B27-5F5366C35BEA}"
	ProjectSection(ProjectDependencies) = postProject
		{7727174C-560B-402C-916A-5DFFC93C7924} = {7727174C-560B-402C-916A-5DFFC93C7924}
	EndProjectSection
EndProject
Project("{FAE04EC0-301F-11D3-BF4B-00C04F79EFBC}") = "Webservice", "Webservice\Webservice.csproj", "{7727174C-560B-402C-916A-5DFFC93C7924}"
EndProject
Project("{FAE04EC0-301F-11D3-BF4B-00C04F79EFBC}") = "SMSModule", "SMSModule\SMSModule.csproj", "{414C2DD8-7848-4E19-9B9E-72F54A0E6E49}"
	ProjectSection(ProjectDependencies) = postProject
		{7727174C-560B-402C-916A-5DFFC93C7924} = {7727174C-560B-402C-916A-5DFFC93C7924}
	EndProjectSection
EndProject
Project("{FAE04EC0-301F-11D3-BF4B-00C04F79EFBC}") = "BirkealleWebsite", "BirkealleWebsite\BirkealleWebsite.csproj", "{E0DC4C70-690C-45A8-B3E3-4ED9793DF61E}"
	ProjectSection(ProjectDependencies) = postProject
		{7727174C-560B-402C-916A-5DFFC93C7924} = {7727174C-560B-402C-916A-5DFFC93C7924}
	EndProjectSection
EndProject
Project("{F088123C-0E9E-452A-89E6-6BA2F21D5CAC}") = "ModelingProjectClient", "ModelingProjectClient\ModelingProjectClient.modelproj", "{93FC33D5-B614-4117-BDC0-24A28DD1CFA1}"
EndProject
Global
	GlobalSection(SolutionConfigurationPlatforms) = preSolution
		Debug|Any CPU = Debug|Any CPU
		Release|Any CPU = Release|Any CPU
	EndGlobalSection
	GlobalSection(ProjectConfigurationPlatforms) = postSolution
		{D2B94B26-4CFD-4323-8B27-5F5366C35BEA}.Debug|Any CPU.ActiveCfg = Debug|Any CPU
		{D2B94B26-4CFD-4323-8B27-5F5366C35BEA}.Debug|Any CPU.Build.0 = Debug|Any CPU
		{D2B94B26-4CFD-4323-8B27-5F5366C35BEA}.Release|Any CPU.ActiveCfg = Release|Any CPU
		{D2B94B26-4CFD-4323-8B27-5F5366C35BEA}.Release|Any CPU.Build.0 = Release|Any CPU
		{7727174C-560B-402C-916A-5DFFC93C7924}.Debug|Any CPU.ActiveCfg = Debug|Any CPU
		{7727174C-560B-402C-916A-5DFFC93C7924}.Debug|Any CPU.Build.0 = Debug|Any CPU
		{7727174C-560B-402C-916A-5DFFC93C7924}.Release|Any CPU.ActiveCfg = Release|Any CPU
		{7727174C-560B-402C-916A-5DFFC93C7924}.Release|Any CPU.Build.0 = Release|Any CPU
		{414C2DD8-7848-4E19-9B9E-72F54A0E6E49}.Debug|Any CPU.ActiveCfg = Debug|Any CPU
		{414C2DD8-7848-4E19-9B9E-72F54A0E6E49}.Debug|Any CPU.Build.0 = Debug|Any CPU
		{414C2DD8-7848-4E19-9B9E-72F54A0E6E49}.Release|Any CPU.ActiveCfg = Release|Any CPU
		{414C2DD8-7848-4E19-9B9E-72F54A0E6E49}.Release|Any CPU.Build.0 = Release|Any CPU
		{E0DC4C70-690C-45A8-B3E3-4ED9793DF61E}.Debug|Any CPU.ActiveCfg = Debug|Any CPU
		{E0DC4C70-690C-45A8-B3E3-4ED9793DF61E}.Debug|Any CPU.Build.0 = Debug|Any CPU
		{E0DC4C70-690C-45A8-B3E3-4ED9793DF61E}.Release|Any CPU.ActiveCfg = Release|Any CPU
		{E0DC4C70-690C-45A8-B3E3-4ED9793DF61E}.Release|Any CPU.Build.0 = Release|Any CPU
		{93FC33D5-B614-4117-BDC0-24A28DD1CFA1}.Debug|Any CPU.ActiveCfg = Debug|Any CPU
		{93FC33D5-B614-4117-BDC0-24A28DD1CFA1}.Debug|Any CPU.Build.0 = Debug|Any CPU
		{93FC33D5-B614-4117-BDC0-24A28DD1CFA1}.Release|Any CPU.ActiveCfg = Release|Any CPU
		{93FC33D5-B614-4117-BDC0-24A28DD1CFA1}.Release|Any CPU.Build.0 = Release|Any CPU
	EndGlobalSection
	GlobalSection(SolutionProperties) = preSolution
		HideSolutionNode = FALSE
	EndGlobalSection
EndGlobal
